
Microsoft Visual Studio Solution File, Format Version 12.00
# Visual Studio Version 17
VisualStudioVersion = 17.3.32819.101
MinimumVisualStudioVersion = 10.0.40219.1
Project("{FAE04EC0-301F-11D3-BF4B-00C04F79EFBC}") = "serial_extractor", "serial_extractor\serial_extractor.csproj", "{447290A7-7D27-43D4-84FF-81169A9EBC86}"
EndProject
Global
	GlobalSection(SolutionConfigurationPlatforms) = preSolution
		Debug|Any CPU = Debug|Any CPU
		Release|Any CPU = Release|Any CPU
	EndGlobalSection
	GlobalSection(ProjectConfigurationPlatforms) = postSolution
		{447290A7-7D27-43D4-84FF-81169A9EBC86}.Debug|Any CPU.ActiveCfg = Debug|Any CPU
		{447290A7-7D27-43D4-84FF-81169A9EBC86}.Debug|Any CPU.Build.0 = Debug|Any CPU
		{447290A7-7D27-43D4-84FF-81169A9EBC86}.Release|Any CPU.ActiveCfg = Release|Any CPU
		{447290A7-7D27-43D4-84FF-81169A9EBC86}.Release|Any CPU.Build.0 = Release|Any CPU
	EndGlobalSection
	GlobalSection(SolutionProperties) = preSolution
		HideSolutionNode = FALSE
	EndGlobalSection
	GlobalSection(ExtensibilityGlobals) = postSolution
		SolutionGuid = {109DE06F-F244-4B19-B165-AB129F9AE1A9}
	EndGlobalSection
EndGlobal
